// !$*UTF8*$!
{
	archiveVersion = 1;
	classes = {
	};
	objectVersion = 46;
	objects = {

/* Begin PBXBuildFile section */
		86415E1E1E977AF5003EEEB9 /* AppDelegate.swift in Sources */ = {isa = PBXBuildFile; fileRef = 86415E1D1E977AF5003EEEB9 /* AppDelegate.swift */; };
		86415E201E977AF5003EEEB9 /* LocationViewController.swift in Sources */ = {isa = PBXBuildFile; fileRef = 86415E1F1E977AF5003EEEB9 /* LocationViewController.swift */; };
		86415E231E977AF5003EEEB9 /* Main.storyboard in Resources */ = {isa = PBXBuildFile; fileRef = 86415E211E977AF5003EEEB9 /* Main.storyboard */; };
		86415E251E977AF5003EEEB9 /* Assets.xcassets in Resources */ = {isa = PBXBuildFile; fileRef = 86415E241E977AF5003EEEB9 /* Assets.xcassets */; };
		86415E281E977AF5003EEEB9 /* LaunchScreen.storyboard in Resources */ = {isa = PBXBuildFile; fileRef = 86415E261E977AF5003EEEB9 /* LaunchScreen.storyboard */; };
		86415E311E977F63003EEEB9 /* CoreLocation.framework in Frameworks */ = {isa = PBXBuildFile; fileRef = 86415E301E977F63003EEEB9 /* CoreLocation.framework */; };
/* End PBXBuildFile section */

/* Begin PBXFileReference section */
		86415E1A1E977AF5003EEEB9 /* onBoard.app */ = {isa = PBXFileReference; explicitFileType = wrapper.application; includeInIndex = 0; path = onBoard.app; sourceTree = BUILT_PRODUCTS_DIR; };
		86415E1D1E977AF5003EEEB9 /* AppDelegate.swift */ = {isa = PBXFileReference; lastKnownFileType = sourcecode.swift; path = AppDelegate.swift; sourceTree = "<group>"; };
		86415E1F1E977AF5003EEEB9 /* LocationViewController.swift */ = {isa = PBXFileReference; lastKnownFileType = sourcecode.swift; path = LocationViewController.swift; sourceTree = "<group>"; };
		86415E221E977AF5003EEEB9 /* Base */ = {isa = PBXFileReference; lastKnownFileType = file.storyboard; name = Base; path = Base.lproj/Main.storyboard; sourceTree = "<group>"; };
		86415E241E977AF5003EEEB9 /* Assets.xcassets */ = {isa = PBXFileReference; lastKnownFileType = folder.assetcatalog; path = Assets.xcassets; sourceTree = "<group>"; };
		86415E271E977AF5003EEEB9 /* Base */ = {isa = PBXFileReference; lastKnownFileType = file.storyboard; name = Base; path = Base.lproj/LaunchScreen.storyboard; sourceTree = "<group>"; };
		86415E291E977AF5003EEEB9 /* Info.plist */ = {isa = PBXFileReference; lastKnownFileType = text.plist.xml; path = Info.plist; sourceTree = "<group>"; };
		86415E301E977F63003EEEB9 /* CoreLocation.framework */ = {isa = PBXFileReference; lastKnownFileType = wrapper.framework; name = CoreLocation.framework; path = System/Library/Frameworks/CoreLocation.framework; sourceTree = SDKROOT; };
/* End PBXFileReference section */

/* Begin PBXFrameworksBuildPhase section */
		86415E171E977AF5003EEEB9 /* Frameworks */ = {
			isa = PBXFrameworksBuildPhase;
			buildActionMask = 2147483647;
			files = (
				86415E311E977F63003EEEB9 /* CoreLocation.framework in Frameworks */,
			);
			runOnlyForDeploymentPostprocessing = 0;
		};
/* End PBXFrameworksBuildPhase section */

/* Begin PBXGroup section */
		86415E111E977AF5003EEEB9 = {
			isa = PBXGroup;
			children = (
				86415E1C1E977AF5003EEEB9 /* onBoard */,
				86415E1B1E977AF5003EEEB9 /* Products */,
				86415E2F1E977F63003EEEB9 /* Frameworks */,
			);
			sourceTree = "<group>";
		};
		86415E1B1E977AF5003EEEB9 /* Products */ = {
			isa = PBXGroup;
			children = (
				86415E1A1E977AF5003EEEB9 /* onBoard.app */,
			);
			name = Products;
			sourceTree = "<group>";
		};
		86415E1C1E977AF5003EEEB9 /* onBoard */ = {
			isa = PBXGroup;
			children = (
				86415E1D1E977AF5003EEEB9 /* AppDelegate.swift */,
				86415E1F1E977AF5003EEEB9 /* LocationViewController.swift */,
				86415E211E977AF5003EEEB9 /* Main.storyboard */,
				86415E241E977AF5003EEEB9 /* Assets.xcassets */,
				86415E261E977AF5003EEEB9 /* LaunchScreen.storyboard */,
				86415E291E977AF5003EEEB9 /* Info.plist */,
			);
			path = onBoard;
			sourceTree = "<group>";
		};
		86415E2F1E977F63003EEEB9 /* Frameworks */ = {
			isa = PBXGroup;
			children = (
				86415E301E977F63003EEEB9 /* CoreLocation.framework */,
			);
			name = Frameworks;
			sourceTree = "<group>";
		};
/* End PBXGroup section */

/* Begin PBXNativeTarget section */
		86415E191E977AF5003EEEB9 /* onBoard */ = {
			isa = PBXNativeTarget;
			buildConfigurationList = 86415E2C1E977AF5003EEEB9 /* Build configuration list for PBXNativeTarget "onBoard" */;
			buildPhases = (
				86415E161E977AF5003EEEB9 /* Sources */,
				86415E171E977AF5003EEEB9 /* Frameworks */,
				86415E181E977AF5003EEEB9 /* Resources */,
			);
			buildRules = (
			);
			dependencies = (
			);
			name = onBoard;
			productName = onBoard;
			productReference = 86415E1A1E977AF5003EEEB9 /* onBoard.app */;
			productType = "com.apple.product-type.application";
		};
/* End PBXNativeTarget section */

/* Begin PBXProject section */
		86415E121E977AF5003EEEB9 /* Project object */ = {
			isa = PBXProject;
			attributes = {
				LastSwiftUpdateCheck = 0830;
				LastUpgradeCheck = 0830;
				ORGANIZATIONNAME = Deniska;
				TargetAttributes = {
					86415E191E977AF5003EEEB9 = {
						CreatedOnToolsVersion = 8.3;
						DevelopmentTeam = 4E63BYV878;
						ProvisioningStyle = Automatic;
					};
				};
			};
			buildConfigurationList = 86415E151E977AF5003EEEB9 /* Build configuration list for PBXProject "onBoard" */;
			compatibilityVersion = "Xcode 3.2";
			developmentRegion = English;
			hasScannedForEncodings = 0;
			knownRegions = (
				en,
				Base,
			);
			mainGroup = 86415E111E977AF5003EEEB9;
			productRefGroup = 86415E1B1E977AF5003EEEB9 /* Products */;
			projectDirPath = "";
			projectRoot = "";
			targets = (
				86415E191E977AF5003EEEB9 /* onBoard */,
			);
		};
/* End PBXProject section */

/* Begin PBXResourcesBuildPhase section */
		86415E181E977AF5003EEEB9 /* Resources */ = {
			isa = PBXResourcesBuildPhase;
			buildActionMask = 2147483647;
			files = (
				86415E281E977AF5003EEEB9 /* LaunchScreen.storyboard in Resources */,
				86415E251E977AF5003EEEB9 /* Assets.xcassets in Resources */,
				86415E231E977AF5003EEEB9 /* Main.storyboard in Resources */,
			);
			runOnlyForDeploymentPostprocessing = 0;
		};
/* End PBXResourcesBuildPhase section */

/* Begin PBXSourcesBuildPhase section */
		86415E161E977AF5003EEEB9 /* Sources */ = {
			isa = PBXSourcesBuildPhase;
			buildActionMask = 2147483647;
			files = (
				86415E201E977AF5003EEEB9 /* LocationViewController.swift in Sources */,
				86415E1E1E977AF5003EEEB9 /* AppDelegate.swift in Sources */,
			);
			runOnlyForDeploymentPostprocessing = 0;
		};
/* End PBXSourcesBuildPhase section */

/* Begin PBXVariantGroup section */
		86415E211E977AF5003EEEB9 /* Main.storyboard */ = {
			isa = PBXVariantGroup;
			children = (
				86415E221E977AF5003EEEB9 /* Base */,
			);
			name = Main.storyboard;
			sourceTree = "<group>";
		};
		86415E261E977AF5003EEEB9 /* LaunchScreen.storyboard */ = {
			isa = PBXVariantGroup;
			children = (
				86415E271E977AF5003EEEB9 /* Base */,
			);
			name = LaunchScreen.storyboard;
			sourceTree = "<group>";
		};
/* End PBXVariantGroup section */

/* Begin XCBuildConfiguration section */
		86415E2A1E977AF5003EEEB9 /* Debug */ = {
			isa = XCBuildConfiguration;
			buildSettings = {
				ALWAYS_SEARCH_USER_PATHS = NO;
				CLANG_ANALYZER_NONNULL = YES;
				CLANG_ANALYZER_NUMBER_OBJECT_CONVERSION = YES_AGGRESSIVE;
				CLANG_CXX_LANGUAGE_STANDARD = "gnu++0x";
				CLANG_CXX_LIBRARY = "libc++";
				CLANG_ENABLE_MODULES = YES;
				CLANG_ENABLE_OBJC_ARC = YES;
				CLANG_WARN_BOOL_CONVERSION = YES;
				CLANG_WARN_CONSTANT_CONVERSION = YES;
				CLANG_WARN_DIRECT_OBJC_ISA_USAGE = YES_ERROR;
				CLANG_WARN_DOCUMENTATION_COMMENTS = YES;
				CLANG_WARN_EMPTY_BODY = YES;
				CLANG_WARN_ENUM_CONVERSION = YES;
				CLANG_WARN_INFINITE_RECURSION = YES;
				CLANG_WARN_INT_CONVERSION = YES;
				CLANG_WARN_OBJC_ROOT_CLASS = YES_ERROR;
				CLANG_WARN_SUSPICIOUS_MOVE = YES;
				CLANG_WARN_UNREACHABLE_CODE = YES;
				CLANG_WARN__DUPLICATE_METHOD_MATCH = YES;
				"CODE_SIGN_IDENTITY[sdk=iphoneos*]" = "iPhone Developer";
				COPY_PHASE_STRIP = NO;
				DEBUG_INFORMATION_FORMAT = dwarf;
				ENABLE_STRICT_OBJC_MSGSEND = YES;
				ENABLE_TESTABILITY = YES;
				GCC_C_LANGUAGE_STANDARD = gnu99;
				GCC_DYNAMIC_NO_PIC = NO;
				GCC_NO_COMMON_BLOCKS = YES;
				GCC_OPTIMIZATION_LEVEL = 0;
				GCC_PREPROCESSOR_DEFINITIONS = (
					"DEBUG=1",
					"$(inherited)",
				);
				GCC_WARN_64_TO_32_BIT_CONVERSION = YES;
				GCC_WARN_ABOUT_RETURN_TYPE = YES_ERROR;
				GCC_WARN_UNDECLARED_SELECTOR = YES;
				GCC_WARN_UNINITIALIZED_AUTOS = YES_AGGRESSIVE;
				GCC_WARN_UNUSED_FUNCTION = YES;
				GCC_WARN_UNUSED_VARIABLE = YES;
				IPHONEOS_DEPLOYMENT_TARGET = 10.3;
				MTL_ENABLE_DEBUG_INFO = YES;
				ONLY_ACTIVE_ARCH = YES;
				SDKROOT = iphoneos;
				SWIFT_ACTIVE_COMPILATION_CONDITIONS = DEBUG;
				SWIFT_OPTIMIZATION_LEVEL = "-Onone";
			};
			name = Debug;
		};
		86415E2B1E977AF5003EEEB9 /* Release */ = {
			isa = XCBuildConfiguration;
			buildSettings = {
				ALWAYS_SEARCH_USER_PATHS = NO;
				CLANG_ANALYZER_NONNULL = YES;
				CLANG_ANALYZER_NUMBER_OBJECT_CONVERSION = YES_AGGRESSIVE;
				CLANG_CXX_LANGUAGE_STANDARD = "gnu++0x";
				CLANG_CXX_LIBRARY = "libc++";
				CLANG_ENABLE_MODULES = YES;
				CLANG_ENABLE_OBJC_ARC = YES;
				CLANG_WARN_BOOL_CONVERSION = YES;
				CLANG_WARN_CONSTANT_CONVERSION = YES;
				CLANG_WARN_DIRECT_OBJC_ISA_USAGE = YES_ERROR;
				CLANG_WARN_DOCUMENTATION_COMMENTS = YES;
				CLANG_WARN_EMPTY_BODY = YES;
				CLANG_WARN_ENUM_CONVERSION = YES;
				CLANG_WARN_INFINITE_RECURSION = YES;
				CLANG_WARN_INT_CONVERSION = YES;
				CLANG_WARN_OBJC_ROOT_CLASS = YES_ERROR;
				CLANG_WARN_SUSPICIOUS_MOVE = YES;
				CLANG_WARN_UNREACHABLE_CODE = YES;
				CLANG_WARN__DUPLICATE_METHOD_MATCH = YES;
				"CODE_SIGN_IDENTITY[sdk=iphoneos*]" = "iPhone Developer";
				COPY_PHASE_STRIP = NO;
				DEBUG_INFORMATION_FORMAT = "dwarf-with-dsym";
				ENABLE_NS_ASSERTIONS = NO;
				ENABLE_STRICT_OBJC_MSGSEND = YES;
				GCC_C_LANGUAGE_STANDARD = gnu99;
				GCC_NO_COMMON_BLOCKS = YES;
				GCC_WARN_64_TO_32_BIT_CONVERSION = YES;
				GCC_WARN_ABOUT_RETURN_TYPE = YES_ERROR;
				GCC_WARN_UNDECLARED_SELECTOR = YES;
				GCC_WARN_UNINITIALIZED_AUTOS = YES_AGGRESSIVE;
				GCC_WARN_UNUSED_FUNCTION = YES;
				GCC_WARN_UNUSED_VARIABLE = YES;
				IPHONEOS_DEPLOYMENT_TARGET = 10.3;
				MTL_ENABLE_DEBUG_INFO = NO;
				SDKROOT = iphoneos;
				SWIFT_OPTIMIZATION_LEVEL = "-Owholemodule";
				VALIDATE_PRODUCT = YES;
			};
			name = Release;
		};
		86415E2D1E977AF5003EEEB9 /* Debug */ = {
			isa = XCBuildConfiguration;
			buildSettings = {
				ASSETCATALOG_COMPILER_APPICON_NAME = AppIcon;
				DEVELOPMENT_TEAM = 4E63BYV878;
				INFOPLIST_FILE = onBoard/Info.plist;
				LD_RUNPATH_SEARCH_PATHS = "$(inherited) @executable_path/Frameworks";
				PRODUCT_BUNDLE_IDENTIFIER = com.tazetdinov.onBoard;
				PRODUCT_NAME = "$(TARGET_NAME)";
				SWIFT_VERSION = 3.0;
			};
			name = Debug;
		};
		86415E2E1E977AF5003EEEB9 /* Release */ = {
			isa = XCBuildConfiguration;
			buildSettings = {
				ASSETCATALOG_COMPILER_APPICON_NAME = AppIcon;
				DEVELOPMENT_TEAM = 4E63BYV878;
				INFOPLIST_FILE = onBoard/Info.plist;
				LD_RUNPATH_SEARCH_PATHS = "$(inherited) @executable_path/Frameworks";
				PRODUCT_BUNDLE_IDENTIFIER = com.tazetdinov.onBoard;
				PRODUCT_NAME = "$(TARGET_NAME)";
				SWIFT_VERSION = 3.0;
			};
			name = Release;
		};
/* End XCBuildConfiguration section */

/* Begin XCConfigurationList section */
		86415E151E977AF5003EEEB9 /* Build configuration list for PBXProject "onBoard" */ = {
			isa = XCConfigurationList;
			buildConfigurations = (
				86415E2A1E977AF5003EEEB9 /* Debug */,
				86415E2B1E977AF5003EEEB9 /* Release */,
			);
			defaultConfigurationIsVisible = 0;
			defaultConfigurationName = Release;
		};
		86415E2C1E977AF5003EEEB9 /* Build configuration list for PBXNativeTarget "onBoard" */ = {
			isa = XCConfigurationList;
			buildConfigurations = (
				86415E2D1E977AF5003EEEB9 /* Debug */,
				86415E2E1E977AF5003EEEB9 /* Release */,
			);
			defaultConfigurationIsVisible = 0;
		};
/* End XCConfigurationList section */
	};
	rootObject = 86415E121E977AF5003EEEB9 /* Project object */;
}
